<?xml version="1.0" encoding="UTF-8" standalone="yes" ?>
<CodeBlocks_project_file>
	<FileVersion major="1" minor="6" />
	<Project>
		<Option title="ggj20tut_md" />
		<Option makefile="C:/projects/sega_game_jam/sgdk110/makefile.gen" />
		<Option makefile_is_custom="1" />
		<Option pch_mode="0" />
		<Option compiler="sega_genesic_compiler" />
		<Option extended_obj_names="1" />
		<MakeCommands>
			<Build command="$make -f $makefile" />
			<CompileFile command="$make -f $makefile $file" />
			<Clean command="$make -f $makefile clean" />
			<DistClean command="$make -f $makefile clean" />
			<AskRebuildNeeded command="$make -q -f $makefile $target" />
			<SilentBuild command="$make -f $makefile &gt; $(CMD_NULL)" />
		</MakeCommands>
		<Build>
			<Target title="debug">
				<Option output="out/rom.bin" prefix_auto="0" extension_auto="0" />
				<Option object_output="." />
				<Option deps_output="." />
				<Option type="1" />
				<Option compiler="sega_genesic_compiler" />
				<Option projectResourceIncludeDirsRelation="1" />
				<MakeCommands>
					<Build command="$make -f $makefile" />
					<CompileFile command="$make -f $makefile $file" />
					<Clean command="$make -f $makefile clean" />
					<DistClean command="$make -f $makefile clean" />
					<AskRebuildNeeded command="$make -q -f $makefile $target" />
					<SilentBuild command="$make -s -f $makefile $target" />
				</MakeCommands>
			</Target>
			<Target title="release">
				<Option output="out/rom.bin" prefix_auto="0" extension_auto="0" />
				<Option object_output="." />
				<Option deps_output="." />
				<Option type="1" />
				<Option compiler="sega_genesic_compiler" />
				<Option projectResourceIncludeDirsRelation="1" />
				<MakeCommands>
					<Build command="$make -f $makefile" />
					<CompileFile command="$make -f $makefile $file" />
					<Clean command="$make -f $makefile clean" />
					<DistClean command="$make -f $makefile clean" />
					<AskRebuildNeeded command="$make -q -f $makefile $target" />
					<SilentBuild command="$make -f $makefile &gt; $(CMD_NULL)" />
				</MakeCommands>
			</Target>
		</Build>
		<Unit filename="res/SE01_tank_ballet.vgm" />
		<Unit filename="res/SE02_repair.vgm" />
		<Unit filename="res/SE03_repair_fall.vgm" />
		<Unit filename="res/bg_a.png" />
		<Unit filename="res/bg_b.png" />
		<Unit filename="res/bga.png" />
		<Unit filename="res/bgcg.png" />
		<Unit filename="res/bgm01_gameplay_beta.vgm" />
		<Unit filename="res/gfx.h" />
		<Unit filename="res/gfx.res" />
		<Unit filename="res/ggj_logo.png" />
		<Unit filename="res/music.h" />
		<Unit filename="res/music.res" />
		<Unit filename="res/sprites.png" />
		<Unit filename="src/bullet.c">
			<Option compilerVar="CC" />
		</Unit>
		<Unit filename="src/main.c">
			<Option compilerVar="CC" />
		</Unit>
		<Unit filename="src/main.h" />
		<Unit filename="src/player.c">
			<Option compilerVar="CC" />
		</Unit>
		<Unit filename="src/player.h" />
		<Unit filename="src/scene_game.c">
			<Option compilerVar="CC" />
		</Unit>
		<Unit filename="src/scene_game.h" />
		<Unit filename="src/scene_logo.c">
			<Option compilerVar="CC" />
		</Unit>
		<Unit filename="src/scene_logo.h" />
		<Extensions>
			<code_completion />
			<envvars />
			<debugger>
				<remote_debugging>
					<options conn_type="-1" ip_address="localhost" ip_port="6868" />
				</remote_debugging>
				<remote_debugging target="release">
					<options conn_type="0" serial_baud="115200" ip_address="localhost" ip_port="6868" />
				</remote_debugging>
				<remote_debugging target="debug">
					<options conn_type="0" serial_baud="115200" ip_address="localhost" ip_port="6868" />
				</remote_debugging>
			</debugger>
			<DoxyBlocks>
				<comment_style block="0" line="0" />
				<doxyfile_project />
				<doxyfile_build />
				<doxyfile_warnings />
				<doxyfile_output />
				<doxyfile_dot />
				<general />
			</DoxyBlocks>
		</Extensions>
	</Project>
</CodeBlocks_project_file>
